// !$*UTF8*$!
{
	archiveVersion = 1;
	classes = {
	};
	objectVersion = 54;
	objects = {

/* Begin PBXBuildFile section */
		00E356F31AD99517003FC87E /* FoodAppTests.m in Sources */ = {isa = PBXBuildFile; fileRef = 00E356F21AD99517003FC87E /* FoodAppTests.m */; };
		0C80B921A6F3F58F76C31292 /* libPods-FoodApp.a in Frameworks */ = {isa = PBXBuildFile; fileRef = 5DCACB8F33CDC322A6C60F78 /* libPods-FoodApp.a */; };
		13B07FBC1A68108700A75B9A /* AppDelegate.mm in Sources */ = {isa = PBXBuildFile; fileRef = 13B07FB01A68108700A75B9A /* AppDelegate.mm */; };
		13B07FBF1A68108700A75B9A /* Images.xcassets in Resources */ = {isa = PBXBuildFile; fileRef = 13B07FB51A68108700A75B9A /* Images.xcassets */; };
		13B07FC11A68108700A75B9A /* main.m in Sources */ = {isa = PBXBuildFile; fileRef = 13B07FB71A68108700A75B9A /* main.m */; };
		7699B88040F8A987B510C191 /* libPods-FoodApp-FoodAppTests.a in Frameworks */ = {isa = PBXBuildFile; fileRef = 19F6CBCC0A4E27FBF8BF4A61 /* libPods-FoodApp-FoodAppTests.a */; };
		81AB9BB82411601600AC10FF /* LaunchScreen.storyboard in Resources */ = {isa = PBXBuildFile; fileRef = 81AB9BB72411601600AC10FF /* LaunchScreen.storyboard */; };
		8CAE6927E466470D885ACA56 /* OpenSans-Bold.ttf in Resources */ = {isa = PBXBuildFile; fileRef = 783D8055B6924EAB9BC40DE3 /* OpenSans-Bold.ttf */; };
		6D9CFB5FBD3F4153865AB21F /* OpenSans-BoldItalic.ttf in Resources */ = {isa = PBXBuildFile; fileRef = BD242626A5C84C87884C9AD9 /* OpenSans-BoldItalic.ttf */; };
		9C561D36E630458FA41CC144 /* OpenSans-ExtraBold.ttf in Resources */ = {isa = PBXBuildFile; fileRef = 0D8A14E304324C41B4C4262A /* OpenSans-ExtraBold.ttf */; };
		5D93ABE9A46C433D8BF6BEFC /* OpenSans-ExtraBoldItalic.ttf in Resources */ = {isa = PBXBuildFile; fileRef = B4F5CC340FF64E648630A724 /* OpenSans-ExtraBoldItalic.ttf */; };
		1A732848EA6C402896E49A59 /* OpenSans-Italic.ttf in Resources */ = {isa = PBXBuildFile; fileRef = BDACFF0D74B74CC8B1BD0839 /* OpenSans-Italic.ttf */; };
		30AFC78AE9814A6585D32863 /* OpenSans-Light.ttf in Resources */ = {isa = PBXBuildFile; fileRef = 204AADD196C14730B1422A19 /* OpenSans-Light.ttf */; };
		7FB0287BCF0F4ABD81789A0C /* OpenSans-LightItalic.ttf in Resources */ = {isa = PBXBuildFile; fileRef = 4C4064FC1F334E509BCB767C /* OpenSans-LightItalic.ttf */; };
		D9F8635C292C4AFCB2F1D041 /* OpenSans-Medium.ttf in Resources */ = {isa = PBXBuildFile; fileRef = DE6382A6673244D18039A913 /* OpenSans-Medium.ttf */; };
		9E5B6C63D03E446CAFBD03DC /* OpenSans-MediumItalic.ttf in Resources */ = {isa = PBXBuildFile; fileRef = 6DAD043B681B41E997E1E819 /* OpenSans-MediumItalic.ttf */; };
		A45BA0A9ECFE480F9010520C /* OpenSans-Regular.ttf in Resources */ = {isa = PBXBuildFile; fileRef = 0FE7F382AE374A63996AADA9 /* OpenSans-Regular.ttf */; };
		081E09FD7D5F43AE9C21C759 /* OpenSans-SemiBold.ttf in Resources */ = {isa = PBXBuildFile; fileRef = 78F23EAF96EF4FCF8AD5BE7E /* OpenSans-SemiBold.ttf */; };
		E7A549F6A33246FB8D48F198 /* OpenSans-SemiBoldItalic.ttf in Resources */ = {isa = PBXBuildFile; fileRef = 372EE454123647E6A126C463 /* OpenSans-SemiBoldItalic.ttf */; };
		B3D57FCC520A4BBBAAF24F75 /* amazon_pay.png in Resources */ = {isa = PBXBuildFile; fileRef = 661D2B5CE2CC45E28DD55988 /* amazon_pay.png */; };
		A937092DFA4F44B99FFEB1BB /* arrived.png in Resources */ = {isa = PBXBuildFile; fileRef = 37ED1509E060484AA0446B3E /* arrived.png */; };
		FA19D72586B94607B9D51442 /* arrow.png in Resources */ = {isa = PBXBuildFile; fileRef = C97498BE760048DB9C925C20 /* arrow.png */; };
		223F2C24514E4AFA96562C34 /* arrow_up_box.png in Resources */ = {isa = PBXBuildFile; fileRef = C22D0226AAE54DF29D36AF70 /* arrow_up_box.png */; };
		A4DA33DE5B5846F68A44C94E /* bg.png in Resources */ = {isa = PBXBuildFile; fileRef = FCCE6D495E034998843D2B1F /* bg.png */; };
		59549F65C1A64FE1B63D554F /* biryani.png in Resources */ = {isa = PBXBuildFile; fileRef = 02216CC4F907478C8A1E9403 /* biryani.png */; };
		E4C0769F48D94DB08F41E9E9 /* building.png in Resources */ = {isa = PBXBuildFile; fileRef = 04EF0C62B2B743449A3C59C3 /* building.png */; };
		88D5D9135C4544A9B22B2AD2 /* burger.png in Resources */ = {isa = PBXBuildFile; fileRef = 1CD9149AFF2E43F3B60DA654 /* burger.png */; };
		8E06B64DEB2947D29B96F249 /* burgers.png in Resources */ = {isa = PBXBuildFile; fileRef = 3AE0B224673947E5B235BC71 /* burgers.png */; };
		75D0E98763F641F5A49FCBB6 /* chinese.png in Resources */ = {isa = PBXBuildFile; fileRef = 01C8B49C91B442989B4DE38D /* chinese.png */; };
		063D56656C4149869744AF25 /* completed.png in Resources */ = {isa = PBXBuildFile; fileRef = 91F61ADBDDFC4897B1D6D1B2 /* completed.png */; };
		4BD3964100AC4887BCEA4DFE /* dot_box.png in Resources */ = {isa = PBXBuildFile; fileRef = ECF708D52D134990875F049A /* dot_box.png */; };
		2228C818C78D446F8121C77F /* emptycart.webp in Resources */ = {isa = PBXBuildFile; fileRef = 596204A46AE84C4AAC98FF0A /* emptycart.webp */; };
		425A8825AD094A63807E083A /* filter.png in Resources */ = {isa = PBXBuildFile; fileRef = D2D8852185D649FCB4D98079 /* filter.png */; };
		A59BAAEDFD374C2182358F70 /* google.png in Resources */ = {isa = PBXBuildFile; fileRef = 49AB2040B4FD438E87BE7312 /* google.png */; };
		D0D35E6C06E9455BBD949641 /* gpay.png in Resources */ = {isa = PBXBuildFile; fileRef = 6D2C13661E104498A73C871B /* gpay.png */; };
		2D55D284940849DFAEA69312 /* gpay.webp in Resources */ = {isa = PBXBuildFile; fileRef = 4A8DA77488644689BA6946C8 /* gpay.webp */; };
		26509DECEB764E308602E3B5 /* gpay_gray.png in Resources */ = {isa = PBXBuildFile; fileRef = D980F6E82DB24A18B64E0187 /* gpay_gray.png */; };
		63E84B389F344EB9A358DC8C /* home.png in Resources */ = {isa = PBXBuildFile; fileRef = 78C08AFE01B5414293354CC6 /* home.png */; };
		4D4B2451F99B45E98618546D /* karims.png in Resources */ = {isa = PBXBuildFile; fileRef = 239716B406B84E22846F00F3 /* karims.png */; };
		B8D1DB08ED1E4BB2BA9A5EE8 /* loader.png in Resources */ = {isa = PBXBuildFile; fileRef = 757F688763D143A2AF5B7A20 /* loader.png */; };
		55DFD0BA606645BAA4320E30 /* menu_img.png in Resources */ = {isa = PBXBuildFile; fileRef = 00504E11F7A34976899FD30B /* menu_img.png */; };
		F499EAD739C84D05AE633770 /* mobikwik.png in Resources */ = {isa = PBXBuildFile; fileRef = 8AF153D95DEC405CB11D3A84 /* mobikwik.png */; };
		5631650CE9BC49E7BE3B522C /* modal_img.png in Resources */ = {isa = PBXBuildFile; fileRef = 02655BC0D63C40E9A4A13091 /* modal_img.png */; };
		798A829E08B94F94A09C6E4C /* momos.png in Resources */ = {isa = PBXBuildFile; fileRef = FDD05DBE73314564B534884D /* momos.png */; };
		58448701351243DDBD3FD3DE /* motorcycle.png in Resources */ = {isa = PBXBuildFile; fileRef = 247FB1CD1A4E41FB924AB115 /* motorcycle.png */; };
		746F9CBDE0EA400C918BE4F3 /* order.png in Resources */ = {isa = PBXBuildFile; fileRef = 62942D32C19E4A4FB19EEB2A /* order.png */; };
		20986C7719474E6CB085DD3B /* pana.png in Resources */ = {isa = PBXBuildFile; fileRef = 7394794B49C749898686F771 /* pana.png */; };
		1A5B610B7E4A46DFA309C1E0 /* pay.png in Resources */ = {isa = PBXBuildFile; fileRef = 37C05676B9164B35B7B66C38 /* pay.png */; };
		F845E10264A04EC8AD056708 /* paytm.png in Resources */ = {isa = PBXBuildFile; fileRef = 3AB9455A1B024865B7A73FD7 /* paytm.png */; };
		60EBB7F6298545D9B327B50C /* paytm_logo.png in Resources */ = {isa = PBXBuildFile; fileRef = 04DA5D1E53844D2BB0B7552C /* paytm_logo.png */; };
		C0313ACC89BD444D83AE93C0 /* phonepe.png in Resources */ = {isa = PBXBuildFile; fileRef = BA685A16827E48509A2382B4 /* phonepe.png */; };
		161455DB24BC4B7CB33857CA /* phonepe_logo.png in Resources */ = {isa = PBXBuildFile; fileRef = 0A5851C260BE44B8A9488EBB /* phonepe_logo.png */; };
		55397AC8B6244C48AC8400BC /* pizza.png in Resources */ = {isa = PBXBuildFile; fileRef = 51745CF0018747E680FF5D55 /* pizza.png */; };
		9C995C798C7B4E04A3CCA6B2 /* profile.png in Resources */ = {isa = PBXBuildFile; fileRef = CA263A6B39CE4AEF8EB8CC1E /* profile.png */; };
		94CDAF42A7784FD8B41A1154 /* rolls.png in Resources */ = {isa = PBXBuildFile; fileRef = 447AE3561CCB42689C92F61E /* rolls.png */; };
		5D2653A4713E4BA687BBDDA4 /* shake.png in Resources */ = {isa = PBXBuildFile; fileRef = C5B8FF18FB944EF2B2B90798 /* shake.png */; };
		B600D2EA851545B1A391FF2D /* shawarama.png in Resources */ = {isa = PBXBuildFile; fileRef = 7C3057EBD23A4503854C3164 /* shawarama.png */; };
		B728E6CA2E6B4A9EB5DF1EA7 /* shopping_bag.png in Resources */ = {isa = PBXBuildFile; fileRef = BE7BCF12FFBF440BBF456EB8 /* shopping_bag.png */; };
		239AF2EEDC98450484C8D8B6 /* sort.png in Resources */ = {isa = PBXBuildFile; fileRef = E2C2C594387242D0823FC6FF /* sort.png */; };
		D68BD2935F8F44B4B398967A /* spoon.png in Resources */ = {isa = PBXBuildFile; fileRef = ED65D6DD6C934D9E9901CF42 /* spoon.png */; };
		3FCB20894DC443CA8E109E4A /* star.png in Resources */ = {isa = PBXBuildFile; fileRef = D6F1F04F3B9F4E8DB63CFC47 /* star.png */; };
		D2C978AE61064A27AD0E7AF4 /* upi.png in Resources */ = {isa = PBXBuildFile; fileRef = 37F6DE2E77C1462FA451FEC9 /* upi.png */; };
		ECA0891D3B6B4D919CF3E331 /* upi2.png in Resources */ = {isa = PBXBuildFile; fileRef = F54FADF1028048F28E9818DC /* upi2.png */; };
/* End PBXBuildFile section */

/* Begin PBXContainerItemProxy section */
		00E356F41AD99517003FC87E /* PBXContainerItemProxy */ = {
			isa = PBXContainerItemProxy;
			containerPortal = 83CBB9F71A601CBA00E9B192 /* Project object */;
			proxyType = 1;
			remoteGlobalIDString = 13B07F861A680F5B00A75B9A;
			remoteInfo = FoodApp;
		};
/* End PBXContainerItemProxy section */

/* Begin PBXFileReference section */
		00E356EE1AD99517003FC87E /* FoodAppTests.xctest */ = {isa = PBXFileReference; explicitFileType = wrapper.cfbundle; includeInIndex = 0; path = FoodAppTests.xctest; sourceTree = BUILT_PRODUCTS_DIR; };
		00E356F11AD99517003FC87E /* Info.plist */ = {isa = PBXFileReference; lastKnownFileType = text.plist.xml; path = Info.plist; sourceTree = "<group>"; };
		00E356F21AD99517003FC87E /* FoodAppTests.m */ = {isa = PBXFileReference; lastKnownFileType = sourcecode.c.objc; path = FoodAppTests.m; sourceTree = "<group>"; };
		13B07F961A680F5B00A75B9A /* FoodApp.app */ = {isa = PBXFileReference; explicitFileType = wrapper.application; includeInIndex = 0; path = FoodApp.app; sourceTree = BUILT_PRODUCTS_DIR; };
		13B07FAF1A68108700A75B9A /* AppDelegate.h */ = {isa = PBXFileReference; fileEncoding = 4; lastKnownFileType = sourcecode.c.h; name = AppDelegate.h; path = FoodApp/AppDelegate.h; sourceTree = "<group>"; };
		13B07FB01A68108700A75B9A /* AppDelegate.mm */ = {isa = PBXFileReference; fileEncoding = 4; lastKnownFileType = sourcecode.cpp.objcpp; name = AppDelegate.mm; path = FoodApp/AppDelegate.mm; sourceTree = "<group>"; };
		13B07FB51A68108700A75B9A /* Images.xcassets */ = {isa = PBXFileReference; lastKnownFileType = folder.assetcatalog; name = Images.xcassets; path = FoodApp/Images.xcassets; sourceTree = "<group>"; };
		13B07FB61A68108700A75B9A /* Info.plist */ = {isa = PBXFileReference; fileEncoding = 4; lastKnownFileType = text.plist.xml; name = Info.plist; path = FoodApp/Info.plist; sourceTree = "<group>"; };
		13B07FB71A68108700A75B9A /* main.m */ = {isa = PBXFileReference; fileEncoding = 4; lastKnownFileType = sourcecode.c.objc; name = main.m; path = FoodApp/main.m; sourceTree = "<group>"; };
		13B07FB81A68108700A75B9A /* PrivacyInfo.xcprivacy */ = {isa = PBXFileReference; fileEncoding = 4; lastKnownFileType = text.plist.xml; name = PrivacyInfo.xcprivacy; path = FoodApp/PrivacyInfo.xcprivacy; sourceTree = "<group>"; };
		19F6CBCC0A4E27FBF8BF4A61 /* libPods-FoodApp-FoodAppTests.a */ = {isa = PBXFileReference; explicitFileType = archive.ar; includeInIndex = 0; path = "libPods-FoodApp-FoodAppTests.a"; sourceTree = BUILT_PRODUCTS_DIR; };
		3B4392A12AC88292D35C810B /* Pods-FoodApp.debug.xcconfig */ = {isa = PBXFileReference; includeInIndex = 1; lastKnownFileType = text.xcconfig; name = "Pods-FoodApp.debug.xcconfig"; path = "Target Support Files/Pods-FoodApp/Pods-FoodApp.debug.xcconfig"; sourceTree = "<group>"; };
		5709B34CF0A7D63546082F79 /* Pods-FoodApp.release.xcconfig */ = {isa = PBXFileReference; includeInIndex = 1; lastKnownFileType = text.xcconfig; name = "Pods-FoodApp.release.xcconfig"; path = "Target Support Files/Pods-FoodApp/Pods-FoodApp.release.xcconfig"; sourceTree = "<group>"; };
		5B7EB9410499542E8C5724F5 /* Pods-FoodApp-FoodAppTests.debug.xcconfig */ = {isa = PBXFileReference; includeInIndex = 1; lastKnownFileType = text.xcconfig; name = "Pods-FoodApp-FoodAppTests.debug.xcconfig"; path = "Target Support Files/Pods-FoodApp-FoodAppTests/Pods-FoodApp-FoodAppTests.debug.xcconfig"; sourceTree = "<group>"; };
		5DCACB8F33CDC322A6C60F78 /* libPods-FoodApp.a */ = {isa = PBXFileReference; explicitFileType = archive.ar; includeInIndex = 0; path = "libPods-FoodApp.a"; sourceTree = BUILT_PRODUCTS_DIR; };
		81AB9BB72411601600AC10FF /* LaunchScreen.storyboard */ = {isa = PBXFileReference; fileEncoding = 4; lastKnownFileType = file.storyboard; name = LaunchScreen.storyboard; path = FoodApp/LaunchScreen.storyboard; sourceTree = "<group>"; };
		89C6BE57DB24E9ADA2F236DE /* Pods-FoodApp-FoodAppTests.release.xcconfig */ = {isa = PBXFileReference; includeInIndex = 1; lastKnownFileType = text.xcconfig; name = "Pods-FoodApp-FoodAppTests.release.xcconfig"; path = "Target Support Files/Pods-FoodApp-FoodAppTests/Pods-FoodApp-FoodAppTests.release.xcconfig"; sourceTree = "<group>"; };
		ED297162215061F000B7C4FE /* JavaScriptCore.framework */ = {isa = PBXFileReference; lastKnownFileType = wrapper.framework; name = JavaScriptCore.framework; path = System/Library/Frameworks/JavaScriptCore.framework; sourceTree = SDKROOT; };
		783D8055B6924EAB9BC40DE3 /* OpenSans-Bold.ttf */ = {isa = PBXFileReference; name = "OpenSans-Bold.ttf"; path = "../src/assets/fonts/OpenSans-Bold.ttf"; sourceTree = "<group>"; fileEncoding = undefined; lastKnownFileType = unknown; explicitFileType = undefined; includeInIndex = 0; };
		BD242626A5C84C87884C9AD9 /* OpenSans-BoldItalic.ttf */ = {isa = PBXFileReference; name = "OpenSans-BoldItalic.ttf"; path = "../src/assets/fonts/OpenSans-BoldItalic.ttf"; sourceTree = "<group>"; fileEncoding = undefined; lastKnownFileType = unknown; explicitFileType = undefined; includeInIndex = 0; };
		0D8A14E304324C41B4C4262A /* OpenSans-ExtraBold.ttf */ = {isa = PBXFileReference; name = "OpenSans-ExtraBold.ttf"; path = "../src/assets/fonts/OpenSans-ExtraBold.ttf"; sourceTree = "<group>"; fileEncoding = undefined; lastKnownFileType = unknown; explicitFileType = undefined; includeInIndex = 0; };
		B4F5CC340FF64E648630A724 /* OpenSans-ExtraBoldItalic.ttf */ = {isa = PBXFileReference; name = "OpenSans-ExtraBoldItalic.ttf"; path = "../src/assets/fonts/OpenSans-ExtraBoldItalic.ttf"; sourceTree = "<group>"; fileEncoding = undefined; lastKnownFileType = unknown; explicitFileType = undefined; includeInIndex = 0; };
		BDACFF0D74B74CC8B1BD0839 /* OpenSans-Italic.ttf */ = {isa = PBXFileReference; name = "OpenSans-Italic.ttf"; path = "../src/assets/fonts/OpenSans-Italic.ttf"; sourceTree = "<group>"; fileEncoding = undefined; lastKnownFileType = unknown; explicitFileType = undefined; includeInIndex = 0; };
		204AADD196C14730B1422A19 /* OpenSans-Light.ttf */ = {isa = PBXFileReference; name = "OpenSans-Light.ttf"; path = "../src/assets/fonts/OpenSans-Light.ttf"; sourceTree = "<group>"; fileEncoding = undefined; lastKnownFileType = unknown; explicitFileType = undefined; includeInIndex = 0; };
		4C4064FC1F334E509BCB767C /* OpenSans-LightItalic.ttf */ = {isa = PBXFileReference; name = "OpenSans-LightItalic.ttf"; path = "../src/assets/fonts/OpenSans-LightItalic.ttf"; sourceTree = "<group>"; fileEncoding = undefined; lastKnownFileType = unknown; explicitFileType = undefined; includeInIndex = 0; };
		DE6382A6673244D18039A913 /* OpenSans-Medium.ttf */ = {isa = PBXFileReference; name = "OpenSans-Medium.ttf"; path = "../src/assets/fonts/OpenSans-Medium.ttf"; sourceTree = "<group>"; fileEncoding = undefined; lastKnownFileType = unknown; explicitFileType = undefined; includeInIndex = 0; };
		6DAD043B681B41E997E1E819 /* OpenSans-MediumItalic.ttf */ = {isa = PBXFileReference; name = "OpenSans-MediumItalic.ttf"; path = "../src/assets/fonts/OpenSans-MediumItalic.ttf"; sourceTree = "<group>"; fileEncoding = undefined; lastKnownFileType = unknown; explicitFileType = undefined; includeInIndex = 0; };
		0FE7F382AE374A63996AADA9 /* OpenSans-Regular.ttf */ = {isa = PBXFileReference; name = "OpenSans-Regular.ttf"; path = "../src/assets/fonts/OpenSans-Regular.ttf"; sourceTree = "<group>"; fileEncoding = undefined; lastKnownFileType = unknown; explicitFileType = undefined; includeInIndex = 0; };
		78F23EAF96EF4FCF8AD5BE7E /* OpenSans-SemiBold.ttf */ = {isa = PBXFileReference; name = "OpenSans-SemiBold.ttf"; path = "../src/assets/fonts/OpenSans-SemiBold.ttf"; sourceTree = "<group>"; fileEncoding = undefined; lastKnownFileType = unknown; explicitFileType = undefined; includeInIndex = 0; };
		372EE454123647E6A126C463 /* OpenSans-SemiBoldItalic.ttf */ = {isa = PBXFileReference; name = "OpenSans-SemiBoldItalic.ttf"; path = "../src/assets/fonts/OpenSans-SemiBoldItalic.ttf"; sourceTree = "<group>"; fileEncoding = undefined; lastKnownFileType = unknown; explicitFileType = undefined; includeInIndex = 0; };
		661D2B5CE2CC45E28DD55988 /* amazon_pay.png */ = {isa = PBXFileReference; name = "amazon_pay.png"; path = "../src/assets/images/amazon_pay.png"; sourceTree = "<group>"; fileEncoding = undefined; lastKnownFileType = unknown; explicitFileType = undefined; includeInIndex = 0; };
		37ED1509E060484AA0446B3E /* arrived.png */ = {isa = PBXFileReference; name = "arrived.png"; path = "../src/assets/images/arrived.png"; sourceTree = "<group>"; fileEncoding = undefined; lastKnownFileType = unknown; explicitFileType = undefined; includeInIndex = 0; };
		C97498BE760048DB9C925C20 /* arrow.png */ = {isa = PBXFileReference; name = "arrow.png"; path = "../src/assets/images/arrow.png"; sourceTree = "<group>"; fileEncoding = undefined; lastKnownFileType = unknown; explicitFileType = undefined; includeInIndex = 0; };
		C22D0226AAE54DF29D36AF70 /* arrow_up_box.png */ = {isa = PBXFileReference; name = "arrow_up_box.png"; path = "../src/assets/images/arrow_up_box.png"; sourceTree = "<group>"; fileEncoding = undefined; lastKnownFileType = unknown; explicitFileType = undefined; includeInIndex = 0; };
		FCCE6D495E034998843D2B1F /* bg.png */ = {isa = PBXFileReference; name = "bg.png"; path = "../src/assets/images/bg.png"; sourceTree = "<group>"; fileEncoding = undefined; lastKnownFileType = unknown; explicitFileType = undefined; includeInIndex = 0; };
		02216CC4F907478C8A1E9403 /* biryani.png */ = {isa = PBXFileReference; name = "biryani.png"; path = "../src/assets/images/biryani.png"; sourceTree = "<group>"; fileEncoding = undefined; lastKnownFileType = unknown; explicitFileType = undefined; includeInIndex = 0; };
		04EF0C62B2B743449A3C59C3 /* building.png */ = {isa = PBXFileReference; name = "building.png"; path = "../src/assets/images/building.png"; sourceTree = "<group>"; fileEncoding = undefined; lastKnownFileType = unknown; explicitFileType = undefined; includeInIndex = 0; };
		1CD9149AFF2E43F3B60DA654 /* burger.png */ = {isa = PBXFileReference; name = "burger.png"; path = "../src/assets/images/burger.png"; sourceTree = "<group>"; fileEncoding = undefined; lastKnownFileType = unknown; explicitFileType = undefined; includeInIndex = 0; };
		3AE0B224673947E5B235BC71 /* burgers.png */ = {isa = PBXFileReference; name = "burgers.png"; path = "../src/assets/images/burgers.png"; sourceTree = "<group>"; fileEncoding = undefined; lastKnownFileType = unknown; explicitFileType = undefined; includeInIndex = 0; };
		01C8B49C91B442989B4DE38D /* chinese.png */ = {isa = PBXFileReference; name = "chinese.png"; path = "../src/assets/images/chinese.png"; sourceTree = "<group>"; fileEncoding = undefined; lastKnownFileType = unknown; explicitFileType = undefined; includeInIndex = 0; };
		91F61ADBDDFC4897B1D6D1B2 /* completed.png */ = {isa = PBXFileReference; name = "completed.png"; path = "../src/assets/images/completed.png"; sourceTree = "<group>"; fileEncoding = undefined; lastKnownFileType = unknown; explicitFileType = undefined; includeInIndex = 0; };
		ECF708D52D134990875F049A /* dot_box.png */ = {isa = PBXFileReference; name = "dot_box.png"; path = "../src/assets/images/dot_box.png"; sourceTree = "<group>"; fileEncoding = undefined; lastKnownFileType = unknown; explicitFileType = undefined; includeInIndex = 0; };
		596204A46AE84C4AAC98FF0A /* emptycart.webp */ = {isa = PBXFileReference; name = "emptycart.webp"; path = "../src/assets/images/emptycart.webp"; sourceTree = "<group>"; fileEncoding = undefined; lastKnownFileType = unknown; explicitFileType = undefined; includeInIndex = 0; };
		D2D8852185D649FCB4D98079 /* filter.png */ = {isa = PBXFileReference; name = "filter.png"; path = "../src/assets/images/filter.png"; sourceTree = "<group>"; fileEncoding = undefined; lastKnownFileType = unknown; explicitFileType = undefined; includeInIndex = 0; };
		49AB2040B4FD438E87BE7312 /* google.png */ = {isa = PBXFileReference; name = "google.png"; path = "../src/assets/images/google.png"; sourceTree = "<group>"; fileEncoding = undefined; lastKnownFileType = unknown; explicitFileType = undefined; includeInIndex = 0; };
		6D2C13661E104498A73C871B /* gpay.png */ = {isa = PBXFileReference; name = "gpay.png"; path = "../src/assets/images/gpay.png"; sourceTree = "<group>"; fileEncoding = undefined; lastKnownFileType = unknown; explicitFileType = undefined; includeInIndex = 0; };
		4A8DA77488644689BA6946C8 /* gpay.webp */ = {isa = PBXFileReference; name = "gpay.webp"; path = "../src/assets/images/gpay.webp"; sourceTree = "<group>"; fileEncoding = undefined; lastKnownFileType = unknown; explicitFileType = undefined; includeInIndex = 0; };
		D980F6E82DB24A18B64E0187 /* gpay_gray.png */ = {isa = PBXFileReference; name = "gpay_gray.png"; path = "../src/assets/images/gpay_gray.png"; sourceTree = "<group>"; fileEncoding = undefined; lastKnownFileType = unknown; explicitFileType = undefined; includeInIndex = 0; };
		78C08AFE01B5414293354CC6 /* home.png */ = {isa = PBXFileReference; name = "home.png"; path = "../src/assets/images/home.png"; sourceTree = "<group>"; fileEncoding = undefined; lastKnownFileType = unknown; explicitFileType = undefined; includeInIndex = 0; };
		239716B406B84E22846F00F3 /* karims.png */ = {isa = PBXFileReference; name = "karims.png"; path = "../src/assets/images/karims.png"; sourceTree = "<group>"; fileEncoding = undefined; lastKnownFileType = unknown; explicitFileType = undefined; includeInIndex = 0; };
		757F688763D143A2AF5B7A20 /* loader.png */ = {isa = PBXFileReference; name = "loader.png"; path = "../src/assets/images/loader.png"; sourceTree = "<group>"; fileEncoding = undefined; lastKnownFileType = unknown; explicitFileType = undefined; includeInIndex = 0; };
		00504E11F7A34976899FD30B /* menu_img.png */ = {isa = PBXFileReference; name = "menu_img.png"; path = "../src/assets/images/menu_img.png"; sourceTree = "<group>"; fileEncoding = undefined; lastKnownFileType = unknown; explicitFileType = undefined; includeInIndex = 0; };
		8AF153D95DEC405CB11D3A84 /* mobikwik.png */ = {isa = PBXFileReference; name = "mobikwik.png"; path = "../src/assets/images/mobikwik.png"; sourceTree = "<group>"; fileEncoding = undefined; lastKnownFileType = unknown; explicitFileType = undefined; includeInIndex = 0; };
		02655BC0D63C40E9A4A13091 /* modal_img.png */ = {isa = PBXFileReference; name = "modal_img.png"; path = "../src/assets/images/modal_img.png"; sourceTree = "<group>"; fileEncoding = undefined; lastKnownFileType = unknown; explicitFileType = undefined; includeInIndex = 0; };
		FDD05DBE73314564B534884D /* momos.png */ = {isa = PBXFileReference; name = "momos.png"; path = "../src/assets/images/momos.png"; sourceTree = "<group>"; fileEncoding = undefined; lastKnownFileType = unknown; explicitFileType = undefined; includeInIndex = 0; };
		247FB1CD1A4E41FB924AB115 /* motorcycle.png */ = {isa = PBXFileReference; name = "motorcycle.png"; path = "../src/assets/images/motorcycle.png"; sourceTree = "<group>"; fileEncoding = undefined; lastKnownFileType = unknown; explicitFileType = undefined; includeInIndex = 0; };
		62942D32C19E4A4FB19EEB2A /* order.png */ = {isa = PBXFileReference; name = "order.png"; path = "../src/assets/images/order.png"; sourceTree = "<group>"; fileEncoding = undefined; lastKnownFileType = unknown; explicitFileType = undefined; includeInIndex = 0; };
		7394794B49C749898686F771 /* pana.png */ = {isa = PBXFileReference; name = "pana.png"; path = "../src/assets/images/pana.png"; sourceTree = "<group>"; fileEncoding = undefined; lastKnownFileType = unknown; explicitFileType = undefined; includeInIndex = 0; };
		37C05676B9164B35B7B66C38 /* pay.png */ = {isa = PBXFileReference; name = "pay.png"; path = "../src/assets/images/pay.png"; sourceTree = "<group>"; fileEncoding = undefined; lastKnownFileType = unknown; explicitFileType = undefined; includeInIndex = 0; };
		3AB9455A1B024865B7A73FD7 /* paytm.png */ = {isa = PBXFileReference; name = "paytm.png"; path = "../src/assets/images/paytm.png"; sourceTree = "<group>"; fileEncoding = undefined; lastKnownFileType = unknown; explicitFileType = undefined; includeInIndex = 0; };
		04DA5D1E53844D2BB0B7552C /* paytm_logo.png */ = {isa = PBXFileReference; name = "paytm_logo.png"; path = "../src/assets/images/paytm_logo.png"; sourceTree = "<group>"; fileEncoding = undefined; lastKnownFileType = unknown; explicitFileType = undefined; includeInIndex = 0; };
		BA685A16827E48509A2382B4 /* phonepe.png */ = {isa = PBXFileReference; name = "phonepe.png"; path = "../src/assets/images/phonepe.png"; sourceTree = "<group>"; fileEncoding = undefined; lastKnownFileType = unknown; explicitFileType = undefined; includeInIndex = 0; };
		0A5851C260BE44B8A9488EBB /* phonepe_logo.png */ = {isa = PBXFileReference; name = "phonepe_logo.png"; path = "../src/assets/images/phonepe_logo.png"; sourceTree = "<group>"; fileEncoding = undefined; lastKnownFileType = unknown; explicitFileType = undefined; includeInIndex = 0; };
		51745CF0018747E680FF5D55 /* pizza.png */ = {isa = PBXFileReference; name = "pizza.png"; path = "../src/assets/images/pizza.png"; sourceTree = "<group>"; fileEncoding = undefined; lastKnownFileType = unknown; explicitFileType = undefined; includeInIndex = 0; };
		CA263A6B39CE4AEF8EB8CC1E /* profile.png */ = {isa = PBXFileReference; name = "profile.png"; path = "../src/assets/images/profile.png"; sourceTree = "<group>"; fileEncoding = undefined; lastKnownFileType = unknown; explicitFileType = undefined; includeInIndex = 0; };
		447AE3561CCB42689C92F61E /* rolls.png */ = {isa = PBXFileReference; name = "rolls.png"; path = "../src/assets/images/rolls.png"; sourceTree = "<group>"; fileEncoding = undefined; lastKnownFileType = unknown; explicitFileType = undefined; includeInIndex = 0; };
		C5B8FF18FB944EF2B2B90798 /* shake.png */ = {isa = PBXFileReference; name = "shake.png"; path = "../src/assets/images/shake.png"; sourceTree = "<group>"; fileEncoding = undefined; lastKnownFileType = unknown; explicitFileType = undefined; includeInIndex = 0; };
		7C3057EBD23A4503854C3164 /* shawarama.png */ = {isa = PBXFileReference; name = "shawarama.png"; path = "../src/assets/images/shawarama.png"; sourceTree = "<group>"; fileEncoding = undefined; lastKnownFileType = unknown; explicitFileType = undefined; includeInIndex = 0; };
		BE7BCF12FFBF440BBF456EB8 /* shopping_bag.png */ = {isa = PBXFileReference; name = "shopping_bag.png"; path = "../src/assets/images/shopping_bag.png"; sourceTree = "<group>"; fileEncoding = undefined; lastKnownFileType = unknown; explicitFileType = undefined; includeInIndex = 0; };
		E2C2C594387242D0823FC6FF /* sort.png */ = {isa = PBXFileReference; name = "sort.png"; path = "../src/assets/images/sort.png"; sourceTree = "<group>"; fileEncoding = undefined; lastKnownFileType = unknown; explicitFileType = undefined; includeInIndex = 0; };
		ED65D6DD6C934D9E9901CF42 /* spoon.png */ = {isa = PBXFileReference; name = "spoon.png"; path = "../src/assets/images/spoon.png"; sourceTree = "<group>"; fileEncoding = undefined; lastKnownFileType = unknown; explicitFileType = undefined; includeInIndex = 0; };
		D6F1F04F3B9F4E8DB63CFC47 /* star.png */ = {isa = PBXFileReference; name = "star.png"; path = "../src/assets/images/star.png"; sourceTree = "<group>"; fileEncoding = undefined; lastKnownFileType = unknown; explicitFileType = undefined; includeInIndex = 0; };
		37F6DE2E77C1462FA451FEC9 /* upi.png */ = {isa = PBXFileReference; name = "upi.png"; path = "../src/assets/images/upi.png"; sourceTree = "<group>"; fileEncoding = undefined; lastKnownFileType = unknown; explicitFileType = undefined; includeInIndex = 0; };
		F54FADF1028048F28E9818DC /* upi2.png */ = {isa = PBXFileReference; name = "upi2.png"; path = "../src/assets/images/upi2.png"; sourceTree = "<group>"; fileEncoding = undefined; lastKnownFileType = unknown; explicitFileType = undefined; includeInIndex = 0; };
/* End PBXFileReference section */

/* Begin PBXFrameworksBuildPhase section */
		00E356EB1AD99517003FC87E /* Frameworks */ = {
			isa = PBXFrameworksBuildPhase;
			buildActionMask = 2147483647;
			files = (
				7699B88040F8A987B510C191 /* libPods-FoodApp-FoodAppTests.a in Frameworks */,
			);
			runOnlyForDeploymentPostprocessing = 0;
		};
		13B07F8C1A680F5B00A75B9A /* Frameworks */ = {
			isa = PBXFrameworksBuildPhase;
			buildActionMask = 2147483647;
			files = (
				0C80B921A6F3F58F76C31292 /* libPods-FoodApp.a in Frameworks */,
			);
			runOnlyForDeploymentPostprocessing = 0;
		};
/* End PBXFrameworksBuildPhase section */

/* Begin PBXGroup section */
		00E356EF1AD99517003FC87E /* FoodAppTests */ = {
			isa = PBXGroup;
			children = (
				00E356F21AD99517003FC87E /* FoodAppTests.m */,
				00E356F01AD99517003FC87E /* Supporting Files */,
			);
			path = FoodAppTests;
			sourceTree = "<group>";
		};
		00E356F01AD99517003FC87E /* Supporting Files */ = {
			isa = PBXGroup;
			children = (
				00E356F11AD99517003FC87E /* Info.plist */,
			);
			name = "Supporting Files";
			sourceTree = "<group>";
		};
		13B07FAE1A68108700A75B9A /* FoodApp */ = {
			isa = PBXGroup;
			children = (
				13B07FAF1A68108700A75B9A /* AppDelegate.h */,
				13B07FB01A68108700A75B9A /* AppDelegate.mm */,
				13B07FB51A68108700A75B9A /* Images.xcassets */,
				13B07FB61A68108700A75B9A /* Info.plist */,
				81AB9BB72411601600AC10FF /* LaunchScreen.storyboard */,
				13B07FB71A68108700A75B9A /* main.m */,
				13B07FB81A68108700A75B9A /* PrivacyInfo.xcprivacy */,
			);
			name = FoodApp;
			sourceTree = "<group>";
		};
		2D16E6871FA4F8E400B85C8A /* Frameworks */ = {
			isa = PBXGroup;
			children = (
				ED297162215061F000B7C4FE /* JavaScriptCore.framework */,
				5DCACB8F33CDC322A6C60F78 /* libPods-FoodApp.a */,
				19F6CBCC0A4E27FBF8BF4A61 /* libPods-FoodApp-FoodAppTests.a */,
			);
			name = Frameworks;
			sourceTree = "<group>";
		};
		832341AE1AAA6A7D00B99B32 /* Libraries */ = {
			isa = PBXGroup;
			children = (
			);
			name = Libraries;
			sourceTree = "<group>";
		};
		83CBB9F61A601CBA00E9B192 = {
			isa = PBXGroup;
			children = (
				13B07FAE1A68108700A75B9A /* FoodApp */,
				832341AE1AAA6A7D00B99B32 /* Libraries */,
				00E356EF1AD99517003FC87E /* FoodAppTests */,
				83CBBA001A601CBA00E9B192 /* Products */,
				2D16E6871FA4F8E400B85C8A /* Frameworks */,
				BBD78D7AC51CEA395F1C20DB /* Pods */,
				7D023D7BE1794486B9120E4F /* Resources */,
			);
			indentWidth = 2;
			sourceTree = "<group>";
			tabWidth = 2;
			usesTabs = 0;
		};
		83CBBA001A601CBA00E9B192 /* Products */ = {
			isa = PBXGroup;
			children = (
				13B07F961A680F5B00A75B9A /* FoodApp.app */,
				00E356EE1AD99517003FC87E /* FoodAppTests.xctest */,
			);
			name = Products;
			sourceTree = "<group>";
		};
		BBD78D7AC51CEA395F1C20DB /* Pods */ = {
			isa = PBXGroup;
			children = (
				3B4392A12AC88292D35C810B /* Pods-FoodApp.debug.xcconfig */,
				5709B34CF0A7D63546082F79 /* Pods-FoodApp.release.xcconfig */,
				5B7EB9410499542E8C5724F5 /* Pods-FoodApp-FoodAppTests.debug.xcconfig */,
				89C6BE57DB24E9ADA2F236DE /* Pods-FoodApp-FoodAppTests.release.xcconfig */,
			);
			path = Pods;
			sourceTree = "<group>";
		};
		7D023D7BE1794486B9120E4F /* Resources */ = {
			isa = "PBXGroup";
			children = (
				783D8055B6924EAB9BC40DE3 /* OpenSans-Bold.ttf */,
				BD242626A5C84C87884C9AD9 /* OpenSans-BoldItalic.ttf */,
				0D8A14E304324C41B4C4262A /* OpenSans-ExtraBold.ttf */,
				B4F5CC340FF64E648630A724 /* OpenSans-ExtraBoldItalic.ttf */,
				BDACFF0D74B74CC8B1BD0839 /* OpenSans-Italic.ttf */,
				204AADD196C14730B1422A19 /* OpenSans-Light.ttf */,
				4C4064FC1F334E509BCB767C /* OpenSans-LightItalic.ttf */,
				DE6382A6673244D18039A913 /* OpenSans-Medium.ttf */,
				6DAD043B681B41E997E1E819 /* OpenSans-MediumItalic.ttf */,
				0FE7F382AE374A63996AADA9 /* OpenSans-Regular.ttf */,
				78F23EAF96EF4FCF8AD5BE7E /* OpenSans-SemiBold.ttf */,
				372EE454123647E6A126C463 /* OpenSans-SemiBoldItalic.ttf */,
				661D2B5CE2CC45E28DD55988 /* amazon_pay.png */,
				37ED1509E060484AA0446B3E /* arrived.png */,
				C97498BE760048DB9C925C20 /* arrow.png */,
				C22D0226AAE54DF29D36AF70 /* arrow_up_box.png */,
				FCCE6D495E034998843D2B1F /* bg.png */,
				02216CC4F907478C8A1E9403 /* biryani.png */,
				04EF0C62B2B743449A3C59C3 /* building.png */,
				1CD9149AFF2E43F3B60DA654 /* burger.png */,
				3AE0B224673947E5B235BC71 /* burgers.png */,
				01C8B49C91B442989B4DE38D /* chinese.png */,
				91F61ADBDDFC4897B1D6D1B2 /* completed.png */,
				ECF708D52D134990875F049A /* dot_box.png */,
				596204A46AE84C4AAC98FF0A /* emptycart.webp */,
				D2D8852185D649FCB4D98079 /* filter.png */,
				49AB2040B4FD438E87BE7312 /* google.png */,
				6D2C13661E104498A73C871B /* gpay.png */,
				4A8DA77488644689BA6946C8 /* gpay.webp */,
				D980F6E82DB24A18B64E0187 /* gpay_gray.png */,
				78C08AFE01B5414293354CC6 /* home.png */,
				239716B406B84E22846F00F3 /* karims.png */,
				757F688763D143A2AF5B7A20 /* loader.png */,
				00504E11F7A34976899FD30B /* menu_img.png */,
				8AF153D95DEC405CB11D3A84 /* mobikwik.png */,
				02655BC0D63C40E9A4A13091 /* modal_img.png */,
				FDD05DBE73314564B534884D /* momos.png */,
				247FB1CD1A4E41FB924AB115 /* motorcycle.png */,
				62942D32C19E4A4FB19EEB2A /* order.png */,
				7394794B49C749898686F771 /* pana.png */,
				37C05676B9164B35B7B66C38 /* pay.png */,
				3AB9455A1B024865B7A73FD7 /* paytm.png */,
				04DA5D1E53844D2BB0B7552C /* paytm_logo.png */,
				BA685A16827E48509A2382B4 /* phonepe.png */,
				0A5851C260BE44B8A9488EBB /* phonepe_logo.png */,
				51745CF0018747E680FF5D55 /* pizza.png */,
				CA263A6B39CE4AEF8EB8CC1E /* profile.png */,
				447AE3561CCB42689C92F61E /* rolls.png */,
				C5B8FF18FB944EF2B2B90798 /* shake.png */,
				7C3057EBD23A4503854C3164 /* shawarama.png */,
				BE7BCF12FFBF440BBF456EB8 /* shopping_bag.png */,
				E2C2C594387242D0823FC6FF /* sort.png */,
				ED65D6DD6C934D9E9901CF42 /* spoon.png */,
				D6F1F04F3B9F4E8DB63CFC47 /* star.png */,
				37F6DE2E77C1462FA451FEC9 /* upi.png */,
				F54FADF1028048F28E9818DC /* upi2.png */,
			);
			name = Resources;
			sourceTree = "<group>";
			path = "";
		};
/* End PBXGroup section */

/* Begin PBXNativeTarget section */
		00E356ED1AD99517003FC87E /* FoodAppTests */ = {
			isa = PBXNativeTarget;
			buildConfigurationList = 00E357021AD99517003FC87E /* Build configuration list for PBXNativeTarget "FoodAppTests" */;
			buildPhases = (
				A55EABD7B0C7F3A422A6CC61 /* [CP] Check Pods Manifest.lock */,
				00E356EA1AD99517003FC87E /* Sources */,
				00E356EB1AD99517003FC87E /* Frameworks */,
				00E356EC1AD99517003FC87E /* Resources */,
				C59DA0FBD6956966B86A3779 /* [CP] Embed Pods Frameworks */,
				F6A41C54EA430FDDC6A6ED99 /* [CP] Copy Pods Resources */,
			);
			buildRules = (
			);
			dependencies = (
				00E356F51AD99517003FC87E /* PBXTargetDependency */,
			);
			name = FoodAppTests;
			productName = FoodAppTests;
			productReference = 00E356EE1AD99517003FC87E /* FoodAppTests.xctest */;
			productType = "com.apple.product-type.bundle.unit-test";
		};
		13B07F861A680F5B00A75B9A /* FoodApp */ = {
			isa = PBXNativeTarget;
			buildConfigurationList = 13B07F931A680F5B00A75B9A /* Build configuration list for PBXNativeTarget "FoodApp" */;
			buildPhases = (
				C38B50BA6285516D6DCD4F65 /* [CP] Check Pods Manifest.lock */,
				13B07F871A680F5B00A75B9A /* Sources */,
				13B07F8C1A680F5B00A75B9A /* Frameworks */,
				13B07F8E1A680F5B00A75B9A /* Resources */,
				00DD1BFF1BD5951E006B06BC /* Bundle React Native code and images */,
				00EEFC60759A1932668264C0 /* [CP] Embed Pods Frameworks */,
				E235C05ADACE081382539298 /* [CP] Copy Pods Resources */,
			);
			buildRules = (
			);
			dependencies = (
			);
			name = FoodApp;
			productName = FoodApp;
			productReference = 13B07F961A680F5B00A75B9A /* FoodApp.app */;
			productType = "com.apple.product-type.application";
		};
/* End PBXNativeTarget section */

/* Begin PBXProject section */
		83CBB9F71A601CBA00E9B192 /* Project object */ = {
			isa = PBXProject;
			attributes = {
				LastUpgradeCheck = 1210;
				TargetAttributes = {
					00E356ED1AD99517003FC87E = {
						CreatedOnToolsVersion = 6.2;
						TestTargetID = 13B07F861A680F5B00A75B9A;
					};
					13B07F861A680F5B00A75B9A = {
						LastSwiftMigration = 1120;
					};
				};
			};
			buildConfigurationList = 83CBB9FA1A601CBA00E9B192 /* Build configuration list for PBXProject "FoodApp" */;
			compatibilityVersion = "Xcode 12.0";
			developmentRegion = en;
			hasScannedForEncodings = 0;
			knownRegions = (
				en,
				Base,
			);
			mainGroup = 83CBB9F61A601CBA00E9B192;
			productRefGroup = 83CBBA001A601CBA00E9B192 /* Products */;
			projectDirPath = "";
			projectRoot = "";
			targets = (
				13B07F861A680F5B00A75B9A /* FoodApp */,
				00E356ED1AD99517003FC87E /* FoodAppTests */,
			);
		};
/* End PBXProject section */

/* Begin PBXResourcesBuildPhase section */
		00E356EC1AD99517003FC87E /* Resources */ = {
			isa = PBXResourcesBuildPhase;
			buildActionMask = 2147483647;
			files = (
			);
			runOnlyForDeploymentPostprocessing = 0;
		};
		13B07F8E1A680F5B00A75B9A /* Resources */ = {
			isa = PBXResourcesBuildPhase;
			buildActionMask = 2147483647;
			files = (
				81AB9BB82411601600AC10FF /* LaunchScreen.storyboard in Resources */,
				13B07FBF1A68108700A75B9A /* Images.xcassets in Resources */,
				8CAE6927E466470D885ACA56 /* OpenSans-Bold.ttf in Resources */,
				6D9CFB5FBD3F4153865AB21F /* OpenSans-BoldItalic.ttf in Resources */,
				9C561D36E630458FA41CC144 /* OpenSans-ExtraBold.ttf in Resources */,
				5D93ABE9A46C433D8BF6BEFC /* OpenSans-ExtraBoldItalic.ttf in Resources */,
				1A732848EA6C402896E49A59 /* OpenSans-Italic.ttf in Resources */,
				30AFC78AE9814A6585D32863 /* OpenSans-Light.ttf in Resources */,
				7FB0287BCF0F4ABD81789A0C /* OpenSans-LightItalic.ttf in Resources */,
				D9F8635C292C4AFCB2F1D041 /* OpenSans-Medium.ttf in Resources */,
				9E5B6C63D03E446CAFBD03DC /* OpenSans-MediumItalic.ttf in Resources */,
				A45BA0A9ECFE480F9010520C /* OpenSans-Regular.ttf in Resources */,
				081E09FD7D5F43AE9C21C759 /* OpenSans-SemiBold.ttf in Resources */,
				E7A549F6A33246FB8D48F198 /* OpenSans-SemiBoldItalic.ttf in Resources */,
				B3D57FCC520A4BBBAAF24F75 /* amazon_pay.png in Resources */,
				A937092DFA4F44B99FFEB1BB /* arrived.png in Resources */,
				FA19D72586B94607B9D51442 /* arrow.png in Resources */,
				223F2C24514E4AFA96562C34 /* arrow_up_box.png in Resources */,
				A4DA33DE5B5846F68A44C94E /* bg.png in Resources */,
				59549F65C1A64FE1B63D554F /* biryani.png in Resources */,
				E4C0769F48D94DB08F41E9E9 /* building.png in Resources */,
				88D5D9135C4544A9B22B2AD2 /* burger.png in Resources */,
				8E06B64DEB2947D29B96F249 /* burgers.png in Resources */,
				75D0E98763F641F5A49FCBB6 /* chinese.png in Resources */,
				063D56656C4149869744AF25 /* completed.png in Resources */,
				4BD3964100AC4887BCEA4DFE /* dot_box.png in Resources */,
				2228C818C78D446F8121C77F /* emptycart.webp in Resources */,
				425A8825AD094A63807E083A /* filter.png in Resources */,
				A59BAAEDFD374C2182358F70 /* google.png in Resources */,
				D0D35E6C06E9455BBD949641 /* gpay.png in Resources */,
				2D55D284940849DFAEA69312 /* gpay.webp in Resources */,
				26509DECEB764E308602E3B5 /* gpay_gray.png in Resources */,
				63E84B389F344EB9A358DC8C /* home.png in Resources */,
				4D4B2451F99B45E98618546D /* karims.png in Resources */,
				B8D1DB08ED1E4BB2BA9A5EE8 /* loader.png in Resources */,
				55DFD0BA606645BAA4320E30 /* menu_img.png in Resources */,
				F499EAD739C84D05AE633770 /* mobikwik.png in Resources */,
				5631650CE9BC49E7BE3B522C /* modal_img.png in Resources */,
				798A829E08B94F94A09C6E4C /* momos.png in Resources */,
				58448701351243DDBD3FD3DE /* motorcycle.png in Resources */,
				746F9CBDE0EA400C918BE4F3 /* order.png in Resources */,
				20986C7719474E6CB085DD3B /* pana.png in Resources */,
				1A5B610B7E4A46DFA309C1E0 /* pay.png in Resources */,
				F845E10264A04EC8AD056708 /* paytm.png in Resources */,
				60EBB7F6298545D9B327B50C /* paytm_logo.png in Resources */,
				C0313ACC89BD444D83AE93C0 /* phonepe.png in Resources */,
				161455DB24BC4B7CB33857CA /* phonepe_logo.png in Resources */,
				55397AC8B6244C48AC8400BC /* pizza.png in Resources */,
				9C995C798C7B4E04A3CCA6B2 /* profile.png in Resources */,
				94CDAF42A7784FD8B41A1154 /* rolls.png in Resources */,
				5D2653A4713E4BA687BBDDA4 /* shake.png in Resources */,
				B600D2EA851545B1A391FF2D /* shawarama.png in Resources */,
				B728E6CA2E6B4A9EB5DF1EA7 /* shopping_bag.png in Resources */,
				239AF2EEDC98450484C8D8B6 /* sort.png in Resources */,
				D68BD2935F8F44B4B398967A /* spoon.png in Resources */,
				3FCB20894DC443CA8E109E4A /* star.png in Resources */,
				D2C978AE61064A27AD0E7AF4 /* upi.png in Resources */,
				ECA0891D3B6B4D919CF3E331 /* upi2.png in Resources */,
			);
			runOnlyForDeploymentPostprocessing = 0;
		};
/* End PBXResourcesBuildPhase section */

/* Begin PBXShellScriptBuildPhase section */
		00DD1BFF1BD5951E006B06BC /* Bundle React Native code and images */ = {
			isa = PBXShellScriptBuildPhase;
			buildActionMask = 2147483647;
			files = (
			);
			inputPaths = (
				"$(SRCROOT)/.xcode.env.local",
				"$(SRCROOT)/.xcode.env",
			);
			name = "Bundle React Native code and images";
			outputPaths = (
			);
			runOnlyForDeploymentPostprocessing = 0;
			shellPath = /bin/sh;
			shellScript = "set -e\n\nWITH_ENVIRONMENT=\"$REACT_NATIVE_PATH/scripts/xcode/with-environment.sh\"\nREACT_NATIVE_XCODE=\"$REACT_NATIVE_PATH/scripts/react-native-xcode.sh\"\n\n/bin/sh -c \"$WITH_ENVIRONMENT $REACT_NATIVE_XCODE\"\n";
		};
		00EEFC60759A1932668264C0 /* [CP] Embed Pods Frameworks */ = {
			isa = PBXShellScriptBuildPhase;
			buildActionMask = 2147483647;
			files = (
			);
			inputFileListPaths = (
				"${PODS_ROOT}/Target Support Files/Pods-FoodApp/Pods-FoodApp-frameworks-${CONFIGURATION}-input-files.xcfilelist",
			);
			name = "[CP] Embed Pods Frameworks";
			outputFileListPaths = (
				"${PODS_ROOT}/Target Support Files/Pods-FoodApp/Pods-FoodApp-frameworks-${CONFIGURATION}-output-files.xcfilelist",
			);
			runOnlyForDeploymentPostprocessing = 0;
			shellPath = /bin/sh;
			shellScript = "\"${PODS_ROOT}/Target Support Files/Pods-FoodApp/Pods-FoodApp-frameworks.sh\"\n";
			showEnvVarsInLog = 0;
		};
		A55EABD7B0C7F3A422A6CC61 /* [CP] Check Pods Manifest.lock */ = {
			isa = PBXShellScriptBuildPhase;
			buildActionMask = 2147483647;
			files = (
			);
			inputFileListPaths = (
			);
			inputPaths = (
				"${PODS_PODFILE_DIR_PATH}/Podfile.lock",
				"${PODS_ROOT}/Manifest.lock",
			);
			name = "[CP] Check Pods Manifest.lock";
			outputFileListPaths = (
			);
			outputPaths = (
				"$(DERIVED_FILE_DIR)/Pods-FoodApp-FoodAppTests-checkManifestLockResult.txt",
			);
			runOnlyForDeploymentPostprocessing = 0;
			shellPath = /bin/sh;
			shellScript = "diff \"${PODS_PODFILE_DIR_PATH}/Podfile.lock\" \"${PODS_ROOT}/Manifest.lock\" > /dev/null\nif [ $? != 0 ] ; then\n    # print error to STDERR\n    echo \"error: The sandbox is not in sync with the Podfile.lock. Run 'pod install' or update your CocoaPods installation.\" >&2\n    exit 1\nfi\n# This output is used by Xcode 'outputs' to avoid re-running this script phase.\necho \"SUCCESS\" > \"${SCRIPT_OUTPUT_FILE_0}\"\n";
			showEnvVarsInLog = 0;
		};
		C38B50BA6285516D6DCD4F65 /* [CP] Check Pods Manifest.lock */ = {
			isa = PBXShellScriptBuildPhase;
			buildActionMask = 2147483647;
			files = (
			);
			inputFileListPaths = (
			);
			inputPaths = (
				"${PODS_PODFILE_DIR_PATH}/Podfile.lock",
				"${PODS_ROOT}/Manifest.lock",
			);
			name = "[CP] Check Pods Manifest.lock";
			outputFileListPaths = (
			);
			outputPaths = (
				"$(DERIVED_FILE_DIR)/Pods-FoodApp-checkManifestLockResult.txt",
			);
			runOnlyForDeploymentPostprocessing = 0;
			shellPath = /bin/sh;
			shellScript = "diff \"${PODS_PODFILE_DIR_PATH}/Podfile.lock\" \"${PODS_ROOT}/Manifest.lock\" > /dev/null\nif [ $? != 0 ] ; then\n    # print error to STDERR\n    echo \"error: The sandbox is not in sync with the Podfile.lock. Run 'pod install' or update your CocoaPods installation.\" >&2\n    exit 1\nfi\n# This output is used by Xcode 'outputs' to avoid re-running this script phase.\necho \"SUCCESS\" > \"${SCRIPT_OUTPUT_FILE_0}\"\n";
			showEnvVarsInLog = 0;
		};
		C59DA0FBD6956966B86A3779 /* [CP] Embed Pods Frameworks */ = {
			isa = PBXShellScriptBuildPhase;
			buildActionMask = 2147483647;
			files = (
			);
			inputFileListPaths = (
				"${PODS_ROOT}/Target Support Files/Pods-FoodApp-FoodAppTests/Pods-FoodApp-FoodAppTests-frameworks-${CONFIGURATION}-input-files.xcfilelist",
			);
			name = "[CP] Embed Pods Frameworks";
			outputFileListPaths = (
				"${PODS_ROOT}/Target Support Files/Pods-FoodApp-FoodAppTests/Pods-FoodApp-FoodAppTests-frameworks-${CONFIGURATION}-output-files.xcfilelist",
			);
			runOnlyForDeploymentPostprocessing = 0;
			shellPath = /bin/sh;
			shellScript = "\"${PODS_ROOT}/Target Support Files/Pods-FoodApp-FoodAppTests/Pods-FoodApp-FoodAppTests-frameworks.sh\"\n";
			showEnvVarsInLog = 0;
		};
		E235C05ADACE081382539298 /* [CP] Copy Pods Resources */ = {
			isa = PBXShellScriptBuildPhase;
			buildActionMask = 2147483647;
			files = (
			);
			inputFileListPaths = (
				"${PODS_ROOT}/Target Support Files/Pods-FoodApp/Pods-FoodApp-resources-${CONFIGURATION}-input-files.xcfilelist",
			);
			name = "[CP] Copy Pods Resources";
			outputFileListPaths = (
				"${PODS_ROOT}/Target Support Files/Pods-FoodApp/Pods-FoodApp-resources-${CONFIGURATION}-output-files.xcfilelist",
			);
			runOnlyForDeploymentPostprocessing = 0;
			shellPath = /bin/sh;
			shellScript = "\"${PODS_ROOT}/Target Support Files/Pods-FoodApp/Pods-FoodApp-resources.sh\"\n";
			showEnvVarsInLog = 0;
		};
		F6A41C54EA430FDDC6A6ED99 /* [CP] Copy Pods Resources */ = {
			isa = PBXShellScriptBuildPhase;
			buildActionMask = 2147483647;
			files = (
			);
			inputFileListPaths = (
				"${PODS_ROOT}/Target Support Files/Pods-FoodApp-FoodAppTests/Pods-FoodApp-FoodAppTests-resources-${CONFIGURATION}-input-files.xcfilelist",
			);
			name = "[CP] Copy Pods Resources";
			outputFileListPaths = (
				"${PODS_ROOT}/Target Support Files/Pods-FoodApp-FoodAppTests/Pods-FoodApp-FoodAppTests-resources-${CONFIGURATION}-output-files.xcfilelist",
			);
			runOnlyForDeploymentPostprocessing = 0;
			shellPath = /bin/sh;
			shellScript = "\"${PODS_ROOT}/Target Support Files/Pods-FoodApp-FoodAppTests/Pods-FoodApp-FoodAppTests-resources.sh\"\n";
			showEnvVarsInLog = 0;
		};
/* End PBXShellScriptBuildPhase section */

/* Begin PBXSourcesBuildPhase section */
		00E356EA1AD99517003FC87E /* Sources */ = {
			isa = PBXSourcesBuildPhase;
			buildActionMask = 2147483647;
			files = (
				00E356F31AD99517003FC87E /* FoodAppTests.m in Sources */,
			);
			runOnlyForDeploymentPostprocessing = 0;
		};
		13B07F871A680F5B00A75B9A /* Sources */ = {
			isa = PBXSourcesBuildPhase;
			buildActionMask = 2147483647;
			files = (
				13B07FBC1A68108700A75B9A /* AppDelegate.mm in Sources */,
				13B07FC11A68108700A75B9A /* main.m in Sources */,
			);
			runOnlyForDeploymentPostprocessing = 0;
		};
/* End PBXSourcesBuildPhase section */

/* Begin PBXTargetDependency section */
		00E356F51AD99517003FC87E /* PBXTargetDependency */ = {
			isa = PBXTargetDependency;
			target = 13B07F861A680F5B00A75B9A /* FoodApp */;
			targetProxy = 00E356F41AD99517003FC87E /* PBXContainerItemProxy */;
		};
/* End PBXTargetDependency section */

/* Begin XCBuildConfiguration section */
		00E356F61AD99517003FC87E /* Debug */ = {
			isa = XCBuildConfiguration;
			baseConfigurationReference = 5B7EB9410499542E8C5724F5 /* Pods-FoodApp-FoodAppTests.debug.xcconfig */;
			buildSettings = {
				BUNDLE_LOADER = "$(TEST_HOST)";
				GCC_PREPROCESSOR_DEFINITIONS = (
					"DEBUG=1",
					"$(inherited)",
				);
				INFOPLIST_FILE = FoodAppTests/Info.plist;
				IPHONEOS_DEPLOYMENT_TARGET = 13.4;
				LD_RUNPATH_SEARCH_PATHS = (
					"$(inherited)",
					"@executable_path/Frameworks",
					"@loader_path/Frameworks",
				);
				OTHER_LDFLAGS = (
					"-ObjC",
					"-lc++",
					"$(inherited)",
				);
				PRODUCT_BUNDLE_IDENTIFIER = "org.reactjs.native.example.$(PRODUCT_NAME:rfc1034identifier)";
				PRODUCT_NAME = "$(TARGET_NAME)";
				TEST_HOST = "$(BUILT_PRODUCTS_DIR)/FoodApp.app/FoodApp";
			};
			name = Debug;
		};
		00E356F71AD99517003FC87E /* Release */ = {
			isa = XCBuildConfiguration;
			baseConfigurationReference = 89C6BE57DB24E9ADA2F236DE /* Pods-FoodApp-FoodAppTests.release.xcconfig */;
			buildSettings = {
				BUNDLE_LOADER = "$(TEST_HOST)";
				COPY_PHASE_STRIP = NO;
				INFOPLIST_FILE = FoodAppTests/Info.plist;
				IPHONEOS_DEPLOYMENT_TARGET = 13.4;
				LD_RUNPATH_SEARCH_PATHS = (
					"$(inherited)",
					"@executable_path/Frameworks",
					"@loader_path/Frameworks",
				);
				OTHER_LDFLAGS = (
					"-ObjC",
					"-lc++",
					"$(inherited)",
				);
				PRODUCT_BUNDLE_IDENTIFIER = "org.reactjs.native.example.$(PRODUCT_NAME:rfc1034identifier)";
				PRODUCT_NAME = "$(TARGET_NAME)";
				TEST_HOST = "$(BUILT_PRODUCTS_DIR)/FoodApp.app/FoodApp";
			};
			name = Release;
		};
		13B07F941A680F5B00A75B9A /* Debug */ = {
			isa = XCBuildConfiguration;
			baseConfigurationReference = 3B4392A12AC88292D35C810B /* Pods-FoodApp.debug.xcconfig */;
			buildSettings = {
				ASSETCATALOG_COMPILER_APPICON_NAME = AppIcon;
				CLANG_ENABLE_MODULES = YES;
				CURRENT_PROJECT_VERSION = 1;
				ENABLE_BITCODE = NO;
				INFOPLIST_FILE = FoodApp/Info.plist;
				LD_RUNPATH_SEARCH_PATHS = (
					"$(inherited)",
					"@executable_path/Frameworks",
				);
				MARKETING_VERSION = 1.0;
				OTHER_LDFLAGS = (
					"$(inherited)",
					"-ObjC",
					"-lc++",
				);
				PRODUCT_BUNDLE_IDENTIFIER = "org.reactjs.native.example.$(PRODUCT_NAME:rfc1034identifier)";
				PRODUCT_NAME = FoodApp;
				SWIFT_OPTIMIZATION_LEVEL = "-Onone";
				SWIFT_VERSION = 5.0;
				VERSIONING_SYSTEM = "apple-generic";
			};
			name = Debug;
		};
		13B07F951A680F5B00A75B9A /* Release */ = {
			isa = XCBuildConfiguration;
			baseConfigurationReference = 5709B34CF0A7D63546082F79 /* Pods-FoodApp.release.xcconfig */;
			buildSettings = {
				ASSETCATALOG_COMPILER_APPICON_NAME = AppIcon;
				CLANG_ENABLE_MODULES = YES;
				CURRENT_PROJECT_VERSION = 1;
				INFOPLIST_FILE = FoodApp/Info.plist;
				LD_RUNPATH_SEARCH_PATHS = (
					"$(inherited)",
					"@executable_path/Frameworks",
				);
				MARKETING_VERSION = 1.0;
				OTHER_LDFLAGS = (
					"$(inherited)",
					"-ObjC",
					"-lc++",
				);
				PRODUCT_BUNDLE_IDENTIFIER = "org.reactjs.native.example.$(PRODUCT_NAME:rfc1034identifier)";
				PRODUCT_NAME = FoodApp;
				SWIFT_VERSION = 5.0;
				VERSIONING_SYSTEM = "apple-generic";
			};
			name = Release;
		};
		83CBBA201A601CBA00E9B192 /* Debug */ = {
			isa = XCBuildConfiguration;
			buildSettings = {
				ALWAYS_SEARCH_USER_PATHS = NO;
				CLANG_ANALYZER_LOCALIZABILITY_NONLOCALIZED = YES;
				CLANG_CXX_LANGUAGE_STANDARD = "c++20";
				CLANG_CXX_LIBRARY = "libc++";
				CLANG_ENABLE_MODULES = YES;
				CLANG_ENABLE_OBJC_ARC = YES;
				CLANG_WARN_BLOCK_CAPTURE_AUTORELEASING = YES;
				CLANG_WARN_BOOL_CONVERSION = YES;
				CLANG_WARN_COMMA = YES;
				CLANG_WARN_CONSTANT_CONVERSION = YES;
				CLANG_WARN_DEPRECATED_OBJC_IMPLEMENTATIONS = YES;
				CLANG_WARN_DIRECT_OBJC_ISA_USAGE = YES_ERROR;
				CLANG_WARN_EMPTY_BODY = YES;
				CLANG_WARN_ENUM_CONVERSION = YES;
				CLANG_WARN_INFINITE_RECURSION = YES;
				CLANG_WARN_INT_CONVERSION = YES;
				CLANG_WARN_NON_LITERAL_NULL_CONVERSION = YES;
				CLANG_WARN_OBJC_IMPLICIT_RETAIN_SELF = YES;
				CLANG_WARN_OBJC_LITERAL_CONVERSION = YES;
				CLANG_WARN_OBJC_ROOT_CLASS = YES_ERROR;
				CLANG_WARN_QUOTED_INCLUDE_IN_FRAMEWORK_HEADER = YES;
				CLANG_WARN_RANGE_LOOP_ANALYSIS = YES;
				CLANG_WARN_STRICT_PROTOTYPES = YES;
				CLANG_WARN_SUSPICIOUS_MOVE = YES;
				CLANG_WARN_UNREACHABLE_CODE = YES;
				CLANG_WARN__DUPLICATE_METHOD_MATCH = YES;
				"CODE_SIGN_IDENTITY[sdk=iphoneos*]" = "iPhone Developer";
				COPY_PHASE_STRIP = NO;
				ENABLE_STRICT_OBJC_MSGSEND = YES;
				ENABLE_TESTABILITY = YES;
				"EXCLUDED_ARCHS[sdk=iphonesimulator*]" = "";
				GCC_C_LANGUAGE_STANDARD = gnu99;
				GCC_DYNAMIC_NO_PIC = NO;
				GCC_NO_COMMON_BLOCKS = YES;
				GCC_OPTIMIZATION_LEVEL = 0;
				GCC_PREPROCESSOR_DEFINITIONS = (
					"DEBUG=1",
					"$(inherited)",
				);
				GCC_SYMBOLS_PRIVATE_EXTERN = NO;
				GCC_WARN_64_TO_32_BIT_CONVERSION = YES;
				GCC_WARN_ABOUT_RETURN_TYPE = YES_ERROR;
				GCC_WARN_UNDECLARED_SELECTOR = YES;
				GCC_WARN_UNINITIALIZED_AUTOS = YES_AGGRESSIVE;
				GCC_WARN_UNUSED_FUNCTION = YES;
				GCC_WARN_UNUSED_VARIABLE = YES;
				IPHONEOS_DEPLOYMENT_TARGET = 13.4;
				LD_RUNPATH_SEARCH_PATHS = (
					/usr/lib/swift,
					"$(inherited)",
				);
				LIBRARY_SEARCH_PATHS = (
					"\"$(SDKROOT)/usr/lib/swift\"",
					"\"$(TOOLCHAIN_DIR)/usr/lib/swift/$(PLATFORM_NAME)\"",
					"\"$(inherited)\"",
				);
				MTL_ENABLE_DEBUG_INFO = YES;
				ONLY_ACTIVE_ARCH = YES;
				OTHER_CPLUSPLUSFLAGS = (
					"$(OTHER_CFLAGS)",
					"-DFOLLY_NO_CONFIG",
					"-DFOLLY_MOBILE=1",
					"-DFOLLY_USE_LIBCPP=1",
					"-DFOLLY_CFG_NO_COROUTINES=1",
					"-DFOLLY_HAVE_CLOCK_GETTIME=1",
				);
				SDKROOT = iphoneos;
			};
			name = Debug;
		};
		83CBBA211A601CBA00E9B192 /* Release */ = {
			isa = XCBuildConfiguration;
			buildSettings = {
				ALWAYS_SEARCH_USER_PATHS = NO;
				CLANG_ANALYZER_LOCALIZABILITY_NONLOCALIZED = YES;
				CLANG_CXX_LANGUAGE_STANDARD = "c++20";
				CLANG_CXX_LIBRARY = "libc++";
				CLANG_ENABLE_MODULES = YES;
				CLANG_ENABLE_OBJC_ARC = YES;
				CLANG_WARN_BLOCK_CAPTURE_AUTORELEASING = YES;
				CLANG_WARN_BOOL_CONVERSION = YES;
				CLANG_WARN_COMMA = YES;
				CLANG_WARN_CONSTANT_CONVERSION = YES;
				CLANG_WARN_DEPRECATED_OBJC_IMPLEMENTATIONS = YES;
				CLANG_WARN_DIRECT_OBJC_ISA_USAGE = YES_ERROR;
				CLANG_WARN_EMPTY_BODY = YES;
				CLANG_WARN_ENUM_CONVERSION = YES;
				CLANG_WARN_INFINITE_RECURSION = YES;
				CLANG_WARN_INT_CONVERSION = YES;
				CLANG_WARN_NON_LITERAL_NULL_CONVERSION = YES;
				CLANG_WARN_OBJC_IMPLICIT_RETAIN_SELF = YES;
				CLANG_WARN_OBJC_LITERAL_CONVERSION = YES;
				CLANG_WARN_OBJC_ROOT_CLASS = YES_ERROR;
				CLANG_WARN_QUOTED_INCLUDE_IN_FRAMEWORK_HEADER = YES;
				CLANG_WARN_RANGE_LOOP_ANALYSIS = YES;
				CLANG_WARN_STRICT_PROTOTYPES = YES;
				CLANG_WARN_SUSPICIOUS_MOVE = YES;
				CLANG_WARN_UNREACHABLE_CODE = YES;
				CLANG_WARN__DUPLICATE_METHOD_MATCH = YES;
				"CODE_SIGN_IDENTITY[sdk=iphoneos*]" = "iPhone Developer";
				COPY_PHASE_STRIP = YES;
				ENABLE_NS_ASSERTIONS = NO;
				ENABLE_STRICT_OBJC_MSGSEND = YES;
				"EXCLUDED_ARCHS[sdk=iphonesimulator*]" = "";
				GCC_C_LANGUAGE_STANDARD = gnu99;
				GCC_NO_COMMON_BLOCKS = YES;
				GCC_WARN_64_TO_32_BIT_CONVERSION = YES;
				GCC_WARN_ABOUT_RETURN_TYPE = YES_ERROR;
				GCC_WARN_UNDECLARED_SELECTOR = YES;
				GCC_WARN_UNINITIALIZED_AUTOS = YES_AGGRESSIVE;
				GCC_WARN_UNUSED_FUNCTION = YES;
				GCC_WARN_UNUSED_VARIABLE = YES;
				IPHONEOS_DEPLOYMENT_TARGET = 13.4;
				LD_RUNPATH_SEARCH_PATHS = (
					/usr/lib/swift,
					"$(inherited)",
				);
				LIBRARY_SEARCH_PATHS = (
					"\"$(SDKROOT)/usr/lib/swift\"",
					"\"$(TOOLCHAIN_DIR)/usr/lib/swift/$(PLATFORM_NAME)\"",
					"\"$(inherited)\"",
				);
				MTL_ENABLE_DEBUG_INFO = NO;
				OTHER_CPLUSPLUSFLAGS = (
					"$(OTHER_CFLAGS)",
					"-DFOLLY_NO_CONFIG",
					"-DFOLLY_MOBILE=1",
					"-DFOLLY_USE_LIBCPP=1",
					"-DFOLLY_CFG_NO_COROUTINES=1",
					"-DFOLLY_HAVE_CLOCK_GETTIME=1",
				);
				SDKROOT = iphoneos;
				VALIDATE_PRODUCT = YES;
			};
			name = Release;
		};
/* End XCBuildConfiguration section */

/* Begin XCConfigurationList section */
		00E357021AD99517003FC87E /* Build configuration list for PBXNativeTarget "FoodAppTests" */ = {
			isa = XCConfigurationList;
			buildConfigurations = (
				00E356F61AD99517003FC87E /* Debug */,
				00E356F71AD99517003FC87E /* Release */,
			);
			defaultConfigurationIsVisible = 0;
			defaultConfigurationName = Release;
		};
		13B07F931A680F5B00A75B9A /* Build configuration list for PBXNativeTarget "FoodApp" */ = {
			isa = XCConfigurationList;
			buildConfigurations = (
				13B07F941A680F5B00A75B9A /* Debug */,
				13B07F951A680F5B00A75B9A /* Release */,
			);
			defaultConfigurationIsVisible = 0;
			defaultConfigurationName = Release;
		};
		83CBB9FA1A601CBA00E9B192 /* Build configuration list for PBXProject "FoodApp" */ = {
			isa = XCConfigurationList;
			buildConfigurations = (
				83CBBA201A601CBA00E9B192 /* Debug */,
				83CBBA211A601CBA00E9B192 /* Release */,
			);
			defaultConfigurationIsVisible = 0;
			defaultConfigurationName = Release;
		};
/* End XCConfigurationList section */
	};
	rootObject = 83CBB9F71A601CBA00E9B192 /* Project object */;
}
